
Microsoft Visual Studio Solution File, Format Version 12.00
# Visual Studio Version 17
VisualStudioVersion = 17.11.35327.3
MinimumVisualStudioVersion = 10.0.40219.1
Project("{FAE04EC0-301F-11D3-BF4B-00C04F79EFBC}") = "mcsv-cliente", "mcsv-cliente\mcsv-cliente.csproj", "{0451298D-A8F5-4C41-8002-7C34EBC82E2C}"
EndProject
Global
	GlobalSection(SolutionConfigurationPlatforms) = preSolution
		Debug|Any CPU = Debug|Any CPU
		Release|Any CPU = Release|Any CPU
	EndGlobalSection
	GlobalSection(ProjectConfigurationPlatforms) = postSolution
		{0451298D-A8F5-4C41-8002-7C34EBC82E2C}.Debug|Any CPU.ActiveCfg = Debug|Any CPU
		{0451298D-A8F5-4C41-8002-7C34EBC82E2C}.Debug|Any CPU.Build.0 = Debug|Any CPU
		{0451298D-A8F5-4C41-8002-7C34EBC82E2C}.Release|Any CPU.ActiveCfg = Release|Any CPU
		{0451298D-A8F5-4C41-8002-7C34EBC82E2C}.Release|Any CPU.Build.0 = Release|Any CPU
	EndGlobalSection
	GlobalSection(SolutionProperties) = preSolution
		HideSolutionNode = FALSE
	EndGlobalSection
	GlobalSection(ExtensibilityGlobals) = postSolution
		SolutionGuid = {2920CFD5-CD57-4AF4-AF8C-25056DD1B08A}
	EndGlobalSection
EndGlobal
